
Microsoft Visual Studio Solution File, Format Version 12.00
# Visual Studio Version 17
VisualStudioVersion = 17.9.34902.65
MinimumVisualStudioVersion = 10.0.40219.1
Project("{FAE04EC0-301F-11D3-BF4B-00C04F79EFBC}") = "WebApplication1", "WebApplication1\WebApplication1.csproj", "{B0198B07-2554-4F16-BF04-1ADDDF3401BE}"
EndProject
Global
	GlobalSection(SolutionConfigurationPlatforms) = preSolution
		Debug|Any CPU = Debug|Any CPU
		Release|Any CPU = Release|Any CPU
	EndGlobalSection
	GlobalSection(ProjectConfigurationPlatforms) = postSolution
		{B0198B07-2554-4F16-BF04-1ADDDF3401BE}.Debug|Any CPU.ActiveCfg = Debug|Any CPU
		{B0198B07-2554-4F16-BF04-1ADDDF3401BE}.Debug|Any CPU.Build.0 = Debug|Any CPU
		{B0198B07-2554-4F16-BF04-1ADDDF3401BE}.Release|Any CPU.ActiveCfg = Release|Any CPU
		{B0198B07-2554-4F16-BF04-1ADDDF3401BE}.Release|Any CPU.Build.0 = Release|Any CPU
	EndGlobalSection
	GlobalSection(SolutionProperties) = preSolution
		HideSolutionNode = FALSE
	EndGlobalSection
	GlobalSection(ExtensibilityGlobals) = postSolution
		SolutionGuid = {FEABB86D-9B9A-4EDA-A8D3-006A44342134}
	EndGlobalSection
EndGlobal
